{
  "version": 4,
  "terraform_version": "1.5.7",
  "serial": 81,
  "lineage": "88d34d06-f570-280f-05f2-52f4231a8f75",
  "outputs": {
    "server_ipv4": {
      "value": "65.21.159.67",
      "type": "string"
    },
    "server_ipv6": {
      "value": "2a01:4f9:c012:52e2::1",
      "type": "string"
    },
    "ssh_command": {
      "value": "ssh ubuntu@65.21.159.67",
      "type": "string"
    }
  },
  "resources": [
    {
      "mode": "data",
      "type": "hcloud_ssh_key",
      "name": "existing",
      "provider": "provider[\"registry.terraform.io/hetznercloud/hcloud\"]",
      "instances": [
        {
          "schema_version": 0,
          "attributes": {
            "fingerprint": "45:c1:ba:bc:64:85:80:d9:1c:6c:55:23:36:8d:1f:18",
            "id": 102975791,
            "labels": {},
            "name": "gha-deploy",
            "public_key": "ssh-ed25519 AAAAC3NzaC1lZDI1NTE5AAAAIPsVKD80VbeIBfzUwOmNtnHqRo3lHuvrODdDL1mUJG06",
            "selector": null,
            "with_selector": null
          },
          "sensitive_attributes": []
        }
      ]
    },
    {
      "mode": "managed",
      "type": "hcloud_firewall",
      "name": "finflow",
      "provider": "provider[\"registry.terraform.io/hetznercloud/hcloud\"]",
      "instances": [
        {
          "schema_version": 0,
          "attributes": {
            "apply_to": [],
            "id": "10556915",
            "labels": {},
            "name": "finflow-fw",
            "rule": [
              {
                "description": "",
                "destination_ips": [],
                "direction": "in",
                "port": "",
                "protocol": "icmp",
                "source_ips": [
                  "0.0.0.0/0",
                  "::/0"
                ]
              },
              {
                "description": "",
                "destination_ips": [],
                "direction": "in",
                "port": "22",
                "protocol": "tcp",
                "source_ips": [
                  "0.0.0.0/0"
                ]
              },
              {
                "description": "",
                "destination_ips": [],
                "direction": "in",
                "port": "443",
                "protocol": "tcp",
                "source_ips": [
                  "0.0.0.0/0",
                  "::/0"
                ]
              },
              {
                "description": "",
                "destination_ips": [],
                "direction": "in",
                "port": "80",
                "protocol": "tcp",
                "source_ips": [
                  "0.0.0.0/0",
                  "::/0"
                ]
              }
            ]
          },
          "sensitive_attributes": [],
          "private": "bnVsbA=="
        }
      ]
    },
    {
      "mode": "managed",
      "type": "hcloud_firewall_attachment",
      "name": "finflow",
      "provider": "provider[\"registry.terraform.io/hetznercloud/hcloud\"]",
      "instances": [
        {
          "schema_version": 0,
          "attributes": {
            "firewall_id": 10556915,
            "id": "10556915",
            "label_selectors": null,
            "server_ids": [
              121452460
            ]
          },
          "sensitive_attributes": [],
          "private": "bnVsbA==",
          "dependencies": [
            "data.hcloud_ssh_key.existing",
            "hcloud_firewall.finflow",
            "hcloud_server.finflow"
          ]
        }
      ]
    },
    {
      "mode": "managed",
      "type": "hcloud_server",
      "name": "finflow",
      "provider": "provider[\"registry.terraform.io/hetznercloud/hcloud\"]",
      "instances": [
        {
          "schema_version": 0,
          "attributes": {
            "allow_deprecated_images": false,
            "backup_window": "02-06",
            "backups": true,
            "datacenter": "hel1-dc2",
            "delete_protection": false,
            "firewall_ids": [],
            "id": "121452460",
            "ignore_remote_firewall_ids": false,
            "image": "ubuntu-22.04",
            "ipv4_address": "65.21.159.67",
            "ipv6_address": "2a01:4f9:c012:52e2::1",
            "ipv6_network": "2a01:4f9:c012:52e2::/64",
            "iso": null,
            "keep_disk": false,
            "labels": null,
            "location": "hel1",
            "name": "finflow-server",
            "network": [],
            "placement_group_id": 0,
            "primary_disk_size": 320,
            "public_net": [
              {
                "ipv4": 0,
                "ipv4_enabled": true,
                "ipv6": 0,
                "ipv6_enabled": true
              }
            ],
            "rebuild_protection": false,
            "rescue": null,
            "server_type": "cpx42",
            "shutdown_before_deletion": false,
            "ssh_keys": [
              "102975791"
            ],
            "status": "running",
            "timeouts": null,
            "user_data": "sh0IW0DGxjB2yz7akG0bn4j79pw="
          },
          "sensitive_attributes": [],
          "private": "eyJlMmJmYjczMC1lY2FhLTExZTYtOGY4OC0zNDM2M2JjN2M0YzAiOnsiY3JlYXRlIjo1NDAwMDAwMDAwMDAwfX0=",
          "dependencies": [
            "data.hcloud_ssh_key.existing"
          ]
        }
      ]
    }
  ],
  "check_results": null
}
